
Microsoft Visual Studio Solution File, Format Version 12.00
# Visual Studio Version 17
VisualStudioVersion = 17.6.33712.159
MinimumVisualStudioVersion = 10.0.40219.1
Project("{FAE04EC0-301F-11D3-BF4B-00C04F79EFBC}") = "test127", "test127.csproj", "{FDAB23C9-D30A-4698-96E9-C5DC74667C2A}"
EndProject
Global
	GlobalSection(SolutionConfigurationPlatforms) = preSolution
		Debug|Any CPU = Debug|Any CPU
		Release|Any CPU = Release|Any CPU
	EndGlobalSection
	GlobalSection(ProjectConfigurationPlatforms) = postSolution
		{FDAB23C9-D30A-4698-96E9-C5DC74667C2A}.Debug|Any CPU.ActiveCfg = Debug|Any CPU
		{FDAB23C9-D30A-4698-96E9-C5DC74667C2A}.Debug|Any CPU.Build.0 = Debug|Any CPU
		{FDAB23C9-D30A-4698-96E9-C5DC74667C2A}.Release|Any CPU.ActiveCfg = Release|Any CPU
		{FDAB23C9-D30A-4698-96E9-C5DC74667C2A}.Release|Any CPU.Build.0 = Release|Any CPU
	EndGlobalSection
	GlobalSection(SolutionProperties) = preSolution
		HideSolutionNode = FALSE
	EndGlobalSection
	GlobalSection(ExtensibilityGlobals) = postSolution
		SolutionGuid = {332B1C59-AF07-41F1-84FC-A37F27B831F2}
	EndGlobalSection
EndGlobal
